{
  "originHash" : "07842279acc418c84fb084b18623c13e8aaf1f92bfe35ff6b510bf6b83217794",
  "pins" : [
    {
      "identity" : "defaults",
      "kind" : "remoteSourceControl",
      "location" : "https://github.com/sindresorhus/Defaults",
      "state" : {
        "revision" : "5bfac4928f000fabdbef7e4ed0251399bb0841c9",
        "version" : "9.0.8"
      }
    },
    {
      "identity" : "networkimage",
      "kind" : "remoteSourceControl",
      "location" : "https://github.com/gonzalezreal/NetworkImage",
      "state" : {
        "revision" : "2849f5323265386e200484b0d0f896e73c3411b9",
        "version" : "6.0.1"
      }
    },
    {
      "identity" : "sentry-cocoa",
      "kind" : "remoteSourceControl",
      "location" : "https://github.com/getsentry/sentry-cocoa",
      "state" : {
        "revision" : "7238c483dca47b5419e42dec1906f6f2d5cd3630",
        "version" : "8.58.1"
      }
    },
    {
      "identity" : "swift-cmark",
      "kind" : "remoteSourceControl",
      "location" : "https://github.com/swiftlang/swift-cmark",
      "state" : {
        "revision" : "5d9bdaa4228b381639fff09403e39a04926e2dbe",
        "version" : "0.7.1"
      }
    },
    {
      "identity" : "swift-markdown-ui",
      "kind" : "remoteSourceControl",
      "location" : "https://github.com/gonzalezreal/swift-markdown-ui",
      "state" : {
        "revision" : "5f613358148239d0292c0cef674a3c2314737f9e",
        "version" : "2.4.1"
      }
    },
    {
      "identity" : "swift-syntax",
      "kind" : "remoteSourceControl",
      "location" : "https://github.com/swiftlang/swift-syntax",
      "state" : {
        "revision" : "2b59c0c741e9184ab057fd22950b491076d42e91",
        "version" : "603.0.0"
      }
    },
    {
      "identity" : "swiftsoup",
      "kind" : "remoteSourceControl",
      "location" : "https://github.com/scinfu/SwiftSoup",
      "state" : {
        "revision" : "6c7915e16f729857aec3e99068c361e58a00ed68",
        "version" : "2.13.4"
      }
    },
    {
      "identity" : "valet",
      "kind" : "remoteSourceControl",
      "location" : "https://github.com/square/Valet",
      "state" : {
        "revision" : "246baf6be3f9e3ff116dc05251a08f69dd7c7b9d",
        "version" : "5.1.0"
      }
    }
  ],
  "version" : 3
}
