{
  "originHash" : "07842279acc418c84fb084b18623c13e8aaf1f92bfe35ff6b510bf6b83217794",
  "pins" : [
    {
      "identity" : "defaults",
      "kind" : "remoteSourceControl",
      "location" : "https://github.com/sindresorhus/Defaults",
      "state" : {
        "revision" : "5bfac4928f000fabdbef7e4ed0251399bb0841c9",
        "version" : "9.0.8"
      }
    },
    {
      "identity" : "networkimage",
      "kind" : "remoteSourceControl",
      "location" : "https://github.com/gonzalezreal/NetworkImage",
      "state" : {
        "revision" : "2849f5323265386e200484b0d0f896e73c3411b9",
        "version" : "6.0.1"
      }
    },
    {
      "identity" : "sentry-cocoa",
      "kind" : "remoteSourceControl",
      "location" : "https://github.com/getsentry/sentry-cocoa",
      "state" : {
        "revision" : "cd213f98af160e6497eeff0707bc3f6a205b159c",
        "version" : "9.26.0"
      }
    },
    {
      "identity" : "swift-cmark",
      "kind" : "remoteSourceControl",
      "location" : "https://github.com/swiftlang/swift-cmark",
      "state" : {
        "revision" : "924936d0427cb25a61169739a7660230bffa6ea6",
        "version" : "0.8.0"
      }
    },
    {
      "identity" : "swift-markdown-ui",
      "kind" : "remoteSourceControl",
      "location" : "https://github.com/gonzalezreal/swift-markdown-ui",
      "state" : {
        "revision" : "5f613358148239d0292c0cef674a3c2314737f9e",
        "version" : "2.4.1"
      }
    },
    {
      "identity" : "swift-syntax",
      "kind" : "remoteSourceControl",
      "location" : "https://github.com/swiftlang/swift-syntax",
      "state" : {
        "revision" : "9de99a78f099e59caf2b2beec65a4c45d54b2081",
        "version" : "603.0.1"
      }
    },
    {
      "identity" : "swiftsoup",
      "kind" : "remoteSourceControl",
      "location" : "https://github.com/scinfu/SwiftSoup",
      "state" : {
        "revision" : "49dcadd93161f4a44b4994d3a3e8de9f085aface",
        "version" : "2.13.5"
      }
    },
    {
      "identity" : "valet",
      "kind" : "remoteSourceControl",
      "location" : "https://github.com/square/Valet",
      "state" : {
        "revision" : "246baf6be3f9e3ff116dc05251a08f69dd7c7b9d",
        "version" : "5.1.0"
      }
    }
  ],
  "version" : 3
}
