// !$*UTF8*$!
{
	archiveVersion = 1;
	classes = {
	};
	objectVersion = 77;
	objects = {

/* Begin PBXBuildFile section */
		42B9BC012F90EBFA00D3B5A1 /* WidgetKit.framework in Frameworks */ = {isa = PBXBuildFile; fileRef = 42B9BC002F90EBFA00D3B5A1 /* WidgetKit.framework */; };
		42B9BC032F90EBFA00D3B5A1 /* SwiftUI.framework in Frameworks */ = {isa = PBXBuildFile; fileRef = 42B9BC022F90EBFA00D3B5A1 /* SwiftUI.framework */; };
		42B9BC142F90EBFB00D3B5A1 /* TigerDuckLiveActivityExtension.appex in Embed Foundation Extensions */ = {isa = PBXBuildFile; fileRef = 42B9BBFE2F90EBFA00D3B5A1 /* TigerDuckLiveActivityExtension.appex */; settings = {ATTRIBUTES = (RemoveHeadersOnCopy, ); }; };
		42D2EEAD2F73B4B300973752 /* tigerduck.icon in Resources */ = {isa = PBXBuildFile; fileRef = 42D2EEAC2F73B4B300973752 /* tigerduck.icon */; };
		60A0A00130AA000100000001 /* Valet in Frameworks */ = {isa = PBXBuildFile; productRef = 60A0A20130AA000100000001 /* Valet */; };
		60A0A00230AA000100000001 /* SwiftSoup in Frameworks */ = {isa = PBXBuildFile; productRef = 60A0A20230AA000100000001 /* SwiftSoup */; };
		60A0A00330AA000100000001 /* Sentry in Frameworks */ = {isa = PBXBuildFile; productRef = 60A0A20330AA000100000001 /* Sentry */; };
		60A0A00430AA000100000001 /* Defaults in Frameworks */ = {isa = PBXBuildFile; productRef = 60A0A20430AA000100000001 /* Defaults */; };
		60A0A00530AA000100000001 /* MarkdownUI in Frameworks */ = {isa = PBXBuildFile; productRef = 60A0A20530AA000100000001 /* MarkdownUI */; };
/* End PBXBuildFile section */

/* Begin PBXContainerItemProxy section */
		424C46662F6E763E009D1DDA /* PBXContainerItemProxy */ = {
			isa = PBXContainerItemProxy;
			containerPortal = 424C464E2F6E763C009D1DDA /* Project object */;
			proxyType = 1;
			remoteGlobalIDString = 424C46552F6E763C009D1DDA;
			remoteInfo = TigerDuck;
		};
		424C46702F6E763E009D1DDA /* PBXContainerItemProxy */ = {
			isa = PBXContainerItemProxy;
			containerPortal = 424C464E2F6E763C009D1DDA /* Project object */;
			proxyType = 1;
			remoteGlobalIDString = 424C46552F6E763C009D1DDA;
			remoteInfo = TigerDuck;
		};
		42B9BC122F90EBFB00D3B5A1 /* PBXContainerItemProxy */ = {
			isa = PBXContainerItemProxy;
			containerPortal = 424C464E2F6E763C009D1DDA /* Project object */;
			proxyType = 1;
			remoteGlobalIDString = 42B9BBFD2F90EBFA00D3B5A1;
			remoteInfo = TigerDuckLiveActivityExtension;
		};
/* End PBXContainerItemProxy section */

/* Begin PBXCopyFilesBuildPhase section */
		42B9BC192F90EBFB00D3B5A1 /* Embed Foundation Extensions */ = {
			isa = PBXCopyFilesBuildPhase;
			buildActionMask = 2147483647;
			dstPath = "";
			dstSubfolderSpec = 13;
			files = (
				42B9BC142F90EBFB00D3B5A1 /* TigerDuckLiveActivityExtension.appex in Embed Foundation Extensions */,
			);
			name = "Embed Foundation Extensions";
			runOnlyForDeploymentPostprocessing = 0;
		};
/* End PBXCopyFilesBuildPhase section */

/* Begin PBXFileReference section */
		424C46562F6E763C009D1DDA /* TigerDuck.app */ = {isa = PBXFileReference; explicitFileType = wrapper.application; includeInIndex = 0; path = TigerDuck.app; sourceTree = BUILT_PRODUCTS_DIR; };
		424C46652F6E763E009D1DDA /* TigerDuckTests.xctest */ = {isa = PBXFileReference; explicitFileType = wrapper.cfbundle; includeInIndex = 0; path = TigerDuckTests.xctest; sourceTree = BUILT_PRODUCTS_DIR; };
		424C466F2F6E763E009D1DDA /* TigerDuckUITests.xctest */ = {isa = PBXFileReference; explicitFileType = wrapper.cfbundle; includeInIndex = 0; path = TigerDuckUITests.xctest; sourceTree = BUILT_PRODUCTS_DIR; };
		42B9BBFE2F90EBFA00D3B5A1 /* TigerDuckLiveActivityExtension.appex */ = {isa = PBXFileReference; explicitFileType = "wrapper.app-extension"; includeInIndex = 0; path = TigerDuckLiveActivityExtension.appex; sourceTree = BUILT_PRODUCTS_DIR; };
		42B9BC002F90EBFA00D3B5A1 /* WidgetKit.framework */ = {isa = PBXFileReference; lastKnownFileType = wrapper.framework; name = WidgetKit.framework; path = System/Library/Frameworks/WidgetKit.framework; sourceTree = SDKROOT; };
		42B9BC022F90EBFA00D3B5A1 /* SwiftUI.framework */ = {isa = PBXFileReference; lastKnownFileType = wrapper.framework; name = SwiftUI.framework; path = System/Library/Frameworks/SwiftUI.framework; sourceTree = SDKROOT; };
		42B9BC8A2F90EDD100D3B5A1 /* TigerDuckLiveActivityExtension.entitlements */ = {isa = PBXFileReference; lastKnownFileType = text.plist.entitlements; path = TigerDuckLiveActivityExtension.entitlements; sourceTree = "<group>"; };
		42D2EEAC2F73B4B300973752 /* tigerduck.icon */ = {isa = PBXFileReference; lastKnownFileType = folder.iconcomposer.icon; path = tigerduck.icon; sourceTree = "<group>"; };
/* End PBXFileReference section */

/* Begin PBXFileSystemSynchronizedBuildFileExceptionSet section */
		4275BE252F93B4730014A055 /* Exceptions for "TigerDuck" folder in "TigerDuck" target */ = {
			isa = PBXFileSystemSynchronizedBuildFileExceptionSet;
			membershipExceptions = (
				AGENTS.md,
				LiveActivity/AGENTS.md,
				Services/AGENTS.md,
				Services/Migrations/AGENTS.md,
			);
			target = 424C46552F6E763C009D1DDA /* TigerDuck */;
		};
		42B9BC152F90EBFB00D3B5A1 /* Exceptions for "TigerDuckLiveActivity" folder in "TigerDuckLiveActivityExtension" target */ = {
			isa = PBXFileSystemSynchronizedBuildFileExceptionSet;
			membershipExceptions = (
				Info.plist,
			);
			target = 42B9BBFD2F90EBFA00D3B5A1 /* TigerDuckLiveActivityExtension */;
		};
		42B9BC852F90EC9D00D3B5A1 /* Exceptions for "TigerDuck" folder in "TigerDuckLiveActivityExtension" target */ = {
			isa = PBXFileSystemSynchronizedBuildFileExceptionSet;
			membershipExceptions = (
				LiveActivity/Models/LiveActivityScenarioKind.swift,
				LiveActivity/Models/LiveActivitySnapshot.swift,
				LiveActivity/Runtime/SharedSnapshotStore.swift,
				LiveActivity/Runtime/TigerDuckActivityAttributes.swift,
			);
			target = 42B9BBFD2F90EBFA00D3B5A1 /* TigerDuckLiveActivityExtension */;
		};
/* End PBXFileSystemSynchronizedBuildFileExceptionSet section */

/* Begin PBXFileSystemSynchronizedRootGroup section */
		424C46582F6E763C009D1DDA /* TigerDuck */ = {
			isa = PBXFileSystemSynchronizedRootGroup;
			exceptions = (
				4275BE252F93B4730014A055 /* Exceptions for "TigerDuck" folder in "TigerDuck" target */,
				42B9BC852F90EC9D00D3B5A1 /* Exceptions for "TigerDuck" folder in "TigerDuckLiveActivityExtension" target */,
			);
			path = TigerDuck;
			sourceTree = "<group>";
		};
		424C46682F6E763E009D1DDA /* TigerDuckTests */ = {
			isa = PBXFileSystemSynchronizedRootGroup;
			path = TigerDuckTests;
			sourceTree = "<group>";
		};
		424C46722F6E763E009D1DDA /* TigerDuckUITests */ = {
			isa = PBXFileSystemSynchronizedRootGroup;
			path = TigerDuckUITests;
			sourceTree = "<group>";
		};
		42B9BC042F90EBFA00D3B5A1 /* TigerDuckLiveActivity */ = {
			isa = PBXFileSystemSynchronizedRootGroup;
			exceptions = (
				42B9BC152F90EBFB00D3B5A1 /* Exceptions for "TigerDuckLiveActivity" folder in "TigerDuckLiveActivityExtension" target */,
			);
			path = TigerDuckLiveActivity;
			sourceTree = "<group>";
		};
/* End PBXFileSystemSynchronizedRootGroup section */

/* Begin PBXFrameworksBuildPhase section */
		424C46532F6E763C009D1DDA /* Frameworks */ = {
			isa = PBXFrameworksBuildPhase;
			buildActionMask = 2147483647;
			files = (
				60A0A00430AA000100000001 /* Defaults in Frameworks */,
				60A0A00530AA000100000001 /* MarkdownUI in Frameworks */,
				60A0A00330AA000100000001 /* Sentry in Frameworks */,
				60A0A00230AA000100000001 /* SwiftSoup in Frameworks */,
				60A0A00130AA000100000001 /* Valet in Frameworks */,
			);
			runOnlyForDeploymentPostprocessing = 0;
		};
		424C46622F6E763E009D1DDA /* Frameworks */ = {
			isa = PBXFrameworksBuildPhase;
			buildActionMask = 2147483647;
			files = (
			);
			runOnlyForDeploymentPostprocessing = 0;
		};
		424C466C2F6E763E009D1DDA /* Frameworks */ = {
			isa = PBXFrameworksBuildPhase;
			buildActionMask = 2147483647;
			files = (
			);
			runOnlyForDeploymentPostprocessing = 0;
		};
		42B9BBFB2F90EBFA00D3B5A1 /* Frameworks */ = {
			isa = PBXFrameworksBuildPhase;
			buildActionMask = 2147483647;
			files = (
				42B9BC032F90EBFA00D3B5A1 /* SwiftUI.framework in Frameworks */,
				42B9BC012F90EBFA00D3B5A1 /* WidgetKit.framework in Frameworks */,
			);
			runOnlyForDeploymentPostprocessing = 0;
		};
/* End PBXFrameworksBuildPhase section */

/* Begin PBXGroup section */
		424C464D2F6E763C009D1DDA = {
			isa = PBXGroup;
			children = (
				42B9BC8A2F90EDD100D3B5A1 /* TigerDuckLiveActivityExtension.entitlements */,
				424C46582F6E763C009D1DDA /* TigerDuck */,
				424C46682F6E763E009D1DDA /* TigerDuckTests */,
				424C46722F6E763E009D1DDA /* TigerDuckUITests */,
				42B9BC042F90EBFA00D3B5A1 /* TigerDuckLiveActivity */,
				42B9BBFF2F90EBFA00D3B5A1 /* Frameworks */,
				424C46572F6E763C009D1DDA /* Products */,
				42D2EEAC2F73B4B300973752 /* tigerduck.icon */,
			);
			sourceTree = "<group>";
		};
		424C46572F6E763C009D1DDA /* Products */ = {
			isa = PBXGroup;
			children = (
				424C46562F6E763C009D1DDA /* TigerDuck.app */,
				424C46652F6E763E009D1DDA /* TigerDuckTests.xctest */,
				424C466F2F6E763E009D1DDA /* TigerDuckUITests.xctest */,
				42B9BBFE2F90EBFA00D3B5A1 /* TigerDuckLiveActivityExtension.appex */,
			);
			name = Products;
			sourceTree = "<group>";
		};
		42B9BBFF2F90EBFA00D3B5A1 /* Frameworks */ = {
			isa = PBXGroup;
			children = (
				42B9BC002F90EBFA00D3B5A1 /* WidgetKit.framework */,
				42B9BC022F90EBFA00D3B5A1 /* SwiftUI.framework */,
			);
			name = Frameworks;
			sourceTree = "<group>";
		};
/* End PBXGroup section */

/* Begin PBXNativeTarget section */
		424C46552F6E763C009D1DDA /* TigerDuck */ = {
			isa = PBXNativeTarget;
			buildConfigurationList = 424C46792F6E763E009D1DDA /* Build configuration list for PBXNativeTarget "TigerDuck" */;
			buildPhases = (
				9F3D7A0001000000000001 /* Sync Localizations */,
				424C46522F6E763C009D1DDA /* Sources */,
				424C46532F6E763C009D1DDA /* Frameworks */,
				424C46542F6E763C009D1DDA /* Resources */,
				42B9BC192F90EBFB00D3B5A1 /* Embed Foundation Extensions */,
			);
			buildRules = (
			);
			dependencies = (
				42B9BC132F90EBFB00D3B5A1 /* PBXTargetDependency */,
			);
			fileSystemSynchronizedGroups = (
				424C46582F6E763C009D1DDA /* TigerDuck */,
			);
			name = TigerDuck;
			packageProductDependencies = (
				60A0A20130AA000100000001 /* Valet */,
				60A0A20230AA000100000001 /* SwiftSoup */,
				60A0A20330AA000100000001 /* Sentry */,
				60A0A20430AA000100000001 /* Defaults */,
				60A0A20530AA000100000001 /* MarkdownUI */,
			);
			productName = TigerDuck;
			productReference = 424C46562F6E763C009D1DDA /* TigerDuck.app */;
			productType = "com.apple.product-type.application";
		};
		424C46642F6E763E009D1DDA /* TigerDuckTests */ = {
			isa = PBXNativeTarget;
			buildConfigurationList = 424C467C2F6E763E009D1DDA /* Build configuration list for PBXNativeTarget "TigerDuckTests" */;
			buildPhases = (
				424C46612F6E763E009D1DDA /* Sources */,
				424C46622F6E763E009D1DDA /* Frameworks */,
				424C46632F6E763E009D1DDA /* Resources */,
			);
			buildRules = (
			);
			dependencies = (
				424C46672F6E763E009D1DDA /* PBXTargetDependency */,
			);
			fileSystemSynchronizedGroups = (
				424C46682F6E763E009D1DDA /* TigerDuckTests */,
			);
			name = TigerDuckTests;
			packageProductDependencies = (
			);
			productName = TigerDuckTests;
			productReference = 424C46652F6E763E009D1DDA /* TigerDuckTests.xctest */;
			productType = "com.apple.product-type.bundle.unit-test";
		};
		424C466E2F6E763E009D1DDA /* TigerDuckUITests */ = {
			isa = PBXNativeTarget;
			buildConfigurationList = 424C467F2F6E763E009D1DDA /* Build configuration list for PBXNativeTarget "TigerDuckUITests" */;
			buildPhases = (
				424C466B2F6E763E009D1DDA /* Sources */,
				424C466C2F6E763E009D1DDA /* Frameworks */,
				424C466D2F6E763E009D1DDA /* Resources */,
			);
			buildRules = (
			);
			dependencies = (
				424C46712F6E763E009D1DDA /* PBXTargetDependency */,
			);
			fileSystemSynchronizedGroups = (
				424C46722F6E763E009D1DDA /* TigerDuckUITests */,
			);
			name = TigerDuckUITests;
			packageProductDependencies = (
			);
			productName = TigerDuckUITests;
			productReference = 424C466F2F6E763E009D1DDA /* TigerDuckUITests.xctest */;
			productType = "com.apple.product-type.bundle.ui-testing";
		};
		42B9BBFD2F90EBFA00D3B5A1 /* TigerDuckLiveActivityExtension */ = {
			isa = PBXNativeTarget;
			buildConfigurationList = 42B9BC162F90EBFB00D3B5A1 /* Build configuration list for PBXNativeTarget "TigerDuckLiveActivityExtension" */;
			buildPhases = (
				42B9BBFA2F90EBFA00D3B5A1 /* Sources */,
				42B9BBFB2F90EBFA00D3B5A1 /* Frameworks */,
				42B9BBFC2F90EBFA00D3B5A1 /* Resources */,
			);
			buildRules = (
			);
			dependencies = (
			);
			fileSystemSynchronizedGroups = (
				42B9BC042F90EBFA00D3B5A1 /* TigerDuckLiveActivity */,
			);
			name = TigerDuckLiveActivityExtension;
			packageProductDependencies = (
			);
			productName = TigerDuckLiveActivityExtension;
			productReference = 42B9BBFE2F90EBFA00D3B5A1 /* TigerDuckLiveActivityExtension.appex */;
			productType = "com.apple.product-type.app-extension";
		};
/* End PBXNativeTarget section */

/* Begin PBXProject section */
		424C464E2F6E763C009D1DDA /* Project object */ = {
			isa = PBXProject;
			attributes = {
				BuildIndependentTargetsInParallel = 1;
				LastSwiftUpdateCheck = 2630;
				LastUpgradeCheck = 2630;
				TargetAttributes = {
					424C46552F6E763C009D1DDA = {
						CreatedOnToolsVersion = 26.3;
					};
					424C46642F6E763E009D1DDA = {
						CreatedOnToolsVersion = 26.3;
						TestTargetID = 424C46552F6E763C009D1DDA;
					};
					424C466E2F6E763E009D1DDA = {
						CreatedOnToolsVersion = 26.3;
						TestTargetID = 424C46552F6E763C009D1DDA;
					};
					42B9BBFD2F90EBFA00D3B5A1 = {
						CreatedOnToolsVersion = 26.3;
					};
				};
			};
			buildConfigurationList = 424C46512F6E763C009D1DDA /* Build configuration list for PBXProject "TigerDuck" */;
			developmentRegion = "zh-Hant";
			hasScannedForEncodings = 0;
			knownRegions = (
				en,
				Base,
				"zh-Hant",
				ar,
				bg,
				bn,
				ca,
				cs,
				da,
				de,
				el,
				"en-AU",
				"en-CA",
				"en-GB",
				"en-IN",
				es,
				"es-MX",
				et,
				fa,
				fi,
				fil,
				fr,
				"fr-CA",
				gu,
				he,
				hi,
				hr,
				hu,
				id,
				is,
				it,
				ja,
				kk,
				kn,
				ko,
				lt,
				lv,
				ml,
				mr,
				ms,
				nb,
				nl,
				no,
				pa,
				pl,
				pt,
				"pt-BR",
				"pt-PT",
				ro,
				ru,
				sk,
				sl,
				sr,
				sv,
				ta,
				te,
				th,
				tr,
				uk,
				ur,
				vi,
				"yue-HK",
				"zh-CN",
				"zh-HK",
				"zh-Hans",
				"zh-MO",
				"zh-SG",
				"zh-TW",
			);
			mainGroup = 424C464D2F6E763C009D1DDA;
			minimizedProjectReferenceProxies = 1;
			packageReferences = (
				60A0A10130AA000100000001 /* XCRemoteSwiftPackageReference "Valet" */,
				60A0A10230AA000100000001 /* XCRemoteSwiftPackageReference "SwiftSoup" */,
				60A0A10330AA000100000001 /* XCRemoteSwiftPackageReference "sentry-cocoa" */,
				60A0A10430AA000100000001 /* XCRemoteSwiftPackageReference "Defaults" */,
				60A0A10530AA000100000001 /* XCRemoteSwiftPackageReference "swift-markdown-ui" */,
			);
			preferredProjectObjectVersion = 77;
			productRefGroup = 424C46572F6E763C009D1DDA /* Products */;
			projectDirPath = "";
			projectRoot = "";
			targets = (
				424C46552F6E763C009D1DDA /* TigerDuck */,
				424C46642F6E763E009D1DDA /* TigerDuckTests */,
				424C466E2F6E763E009D1DDA /* TigerDuckUITests */,
				42B9BBFD2F90EBFA00D3B5A1 /* TigerDuckLiveActivityExtension */,
			);
		};
/* End PBXProject section */

/* Begin PBXResourcesBuildPhase section */
		424C46542F6E763C009D1DDA /* Resources */ = {
			isa = PBXResourcesBuildPhase;
			buildActionMask = 2147483647;
			files = (
				42D2EEAD2F73B4B300973752 /* tigerduck.icon in Resources */,
			);
			runOnlyForDeploymentPostprocessing = 0;
		};
		424C46632F6E763E009D1DDA /* Resources */ = {
			isa = PBXResourcesBuildPhase;
			buildActionMask = 2147483647;
			files = (
			);
			runOnlyForDeploymentPostprocessing = 0;
		};
		424C466D2F6E763E009D1DDA /* Resources */ = {
			isa = PBXResourcesBuildPhase;
			buildActionMask = 2147483647;
			files = (
			);
			runOnlyForDeploymentPostprocessing = 0;
		};
		42B9BBFC2F90EBFA00D3B5A1 /* Resources */ = {
			isa = PBXResourcesBuildPhase;
			buildActionMask = 2147483647;
			files = (
			);
			runOnlyForDeploymentPostprocessing = 0;
		};
/* End PBXResourcesBuildPhase section */

/* Begin PBXShellScriptBuildPhase section */
		9F3D7A0001000000000001 /* Sync Localizations */ = {
			isa = PBXShellScriptBuildPhase;
			alwaysOutOfDate = 1;
			buildActionMask = 2147483647;
			files = (
			);
			inputFileListPaths = (
			);
			inputPaths = (
			);
			name = "Sync Localizations";
			outputFileListPaths = (
			);
			outputPaths = (
			);
			runOnlyForDeploymentPostprocessing = 0;
			shellPath = /bin/sh;
			shellScript = "set -euo pipefail\nPYTHON=\"$(command -v python3 || command -v python)\"\nif [ -z \"$PYTHON\" ]; then\n  echo \"warning: python3 not found on PATH; skipping localization sync\"\n  exit 0\nfi\n\"$PYTHON\" \"${SRCROOT}/../tools/localization/sync_localizations.py\"\n";
		};
/* End PBXShellScriptBuildPhase section */

/* Begin PBXSourcesBuildPhase section */
		424C46522F6E763C009D1DDA /* Sources */ = {
			isa = PBXSourcesBuildPhase;
			buildActionMask = 2147483647;
			files = (
			);
			runOnlyForDeploymentPostprocessing = 0;
		};
		424C46612F6E763E009D1DDA /* Sources */ = {
			isa = PBXSourcesBuildPhase;
			buildActionMask = 2147483647;
			files = (
			);
			runOnlyForDeploymentPostprocessing = 0;
		};
		424C466B2F6E763E009D1DDA /* Sources */ = {
			isa = PBXSourcesBuildPhase;
			buildActionMask = 2147483647;
			files = (
			);
			runOnlyForDeploymentPostprocessing = 0;
		};
		42B9BBFA2F90EBFA00D3B5A1 /* Sources */ = {
			isa = PBXSourcesBuildPhase;
			buildActionMask = 2147483647;
			files = (
			);
			runOnlyForDeploymentPostprocessing = 0;
		};
/* End PBXSourcesBuildPhase section */

/* Begin PBXTargetDependency section */
		424C46672F6E763E009D1DDA /* PBXTargetDependency */ = {
			isa = PBXTargetDependency;
			target = 424C46552F6E763C009D1DDA /* TigerDuck */;
			targetProxy = 424C46662F6E763E009D1DDA /* PBXContainerItemProxy */;
		};
		424C46712F6E763E009D1DDA /* PBXTargetDependency */ = {
			isa = PBXTargetDependency;
			target = 424C46552F6E763C009D1DDA /* TigerDuck */;
			targetProxy = 424C46702F6E763E009D1DDA /* PBXContainerItemProxy */;
		};
		42B9BC132F90EBFB00D3B5A1 /* PBXTargetDependency */ = {
			isa = PBXTargetDependency;
			target = 42B9BBFD2F90EBFA00D3B5A1 /* TigerDuckLiveActivityExtension */;
			targetProxy = 42B9BC122F90EBFB00D3B5A1 /* PBXContainerItemProxy */;
		};
/* End PBXTargetDependency section */

/* Begin XCBuildConfiguration section */
		424C46772F6E763E009D1DDA /* Debug */ = {
			isa = XCBuildConfiguration;
			buildSettings = {
				ALWAYS_SEARCH_USER_PATHS = NO;
				ASSETCATALOG_COMPILER_GENERATE_SWIFT_ASSET_SYMBOL_EXTENSIONS = YES;
				CLANG_ANALYZER_NONNULL = YES;
				CLANG_ANALYZER_NUMBER_OBJECT_CONVERSION = YES_AGGRESSIVE;
				CLANG_CXX_LANGUAGE_STANDARD = "gnu++20";
				CLANG_ENABLE_MODULES = YES;
				CLANG_ENABLE_OBJC_ARC = YES;
				CLANG_ENABLE_OBJC_WEAK = YES;
				CLANG_WARN_BLOCK_CAPTURE_AUTORELEASING = YES;
				CLANG_WARN_BOOL_CONVERSION = YES;
				CLANG_WARN_COMMA = YES;
				CLANG_WARN_CONSTANT_CONVERSION = YES;
				CLANG_WARN_DEPRECATED_OBJC_IMPLEMENTATIONS = YES;
				CLANG_WARN_DIRECT_OBJC_ISA_USAGE = YES_ERROR;
				CLANG_WARN_DOCUMENTATION_COMMENTS = YES;
				CLANG_WARN_EMPTY_BODY = YES;
				CLANG_WARN_ENUM_CONVERSION = YES;
				CLANG_WARN_INFINITE_RECURSION = YES;
				CLANG_WARN_INT_CONVERSION = YES;
				CLANG_WARN_NON_LITERAL_NULL_CONVERSION = YES;
				CLANG_WARN_OBJC_IMPLICIT_RETAIN_SELF = YES;
				CLANG_WARN_OBJC_LITERAL_CONVERSION = YES;
				CLANG_WARN_OBJC_ROOT_CLASS = YES_ERROR;
				CLANG_WARN_QUOTED_INCLUDE_IN_FRAMEWORK_HEADER = YES;
				CLANG_WARN_RANGE_LOOP_ANALYSIS = YES;
				CLANG_WARN_STRICT_PROTOTYPES = YES;
				CLANG_WARN_SUSPICIOUS_MOVE = YES;
				CLANG_WARN_UNGUARDED_AVAILABILITY = YES_AGGRESSIVE;
				CLANG_WARN_UNREACHABLE_CODE = YES;
				CLANG_WARN__DUPLICATE_METHOD_MATCH = YES;
				COPY_PHASE_STRIP = NO;
				DEBUG_INFORMATION_FORMAT = dwarf;
				ENABLE_STRICT_OBJC_MSGSEND = YES;
				ENABLE_TESTABILITY = YES;
				ENABLE_USER_SCRIPT_SANDBOXING = YES;
				EXCLUDED_SOURCE_FILE_NAMES = "*.md";
				GCC_C_LANGUAGE_STANDARD = gnu17;
				GCC_DYNAMIC_NO_PIC = NO;
				GCC_NO_COMMON_BLOCKS = YES;
				GCC_OPTIMIZATION_LEVEL = 0;
				GCC_PREPROCESSOR_DEFINITIONS = (
					"DEBUG=1",
					"$(inherited)",
				);
				GCC_WARN_64_TO_32_BIT_CONVERSION = YES;
				GCC_WARN_ABOUT_RETURN_TYPE = YES_ERROR;
				GCC_WARN_UNDECLARED_SELECTOR = YES;
				GCC_WARN_UNINITIALIZED_AUTOS = YES_AGGRESSIVE;
				GCC_WARN_UNUSED_FUNCTION = YES;
				GCC_WARN_UNUSED_VARIABLE = YES;
				LOCALIZATION_PREFERS_STRING_CATALOGS = YES;
				MTL_ENABLE_DEBUG_INFO = INCLUDE_SOURCE;
				MTL_FAST_MATH = YES;
				ONLY_ACTIVE_ARCH = YES;
				SUPPORTED_PLATFORMS = "iphonesimulator iphoneos";
				SWIFT_ACTIVE_COMPILATION_CONDITIONS = "DEBUG $(inherited)";
				SWIFT_OPTIMIZATION_LEVEL = "-Onone";
			};
			name = Debug;
		};
		424C46782F6E763E009D1DDA /* Release */ = {
			isa = XCBuildConfiguration;
			buildSettings = {
				ALWAYS_SEARCH_USER_PATHS = NO;
				ASSETCATALOG_COMPILER_GENERATE_SWIFT_ASSET_SYMBOL_EXTENSIONS = YES;
				CLANG_ANALYZER_NONNULL = YES;
				CLANG_ANALYZER_NUMBER_OBJECT_CONVERSION = YES_AGGRESSIVE;
				CLANG_CXX_LANGUAGE_STANDARD = "gnu++20";
				CLANG_ENABLE_MODULES = YES;
				CLANG_ENABLE_OBJC_ARC = YES;
				CLANG_ENABLE_OBJC_WEAK = YES;
				CLANG_WARN_BLOCK_CAPTURE_AUTORELEASING = YES;
				CLANG_WARN_BOOL_CONVERSION = YES;
				CLANG_WARN_COMMA = YES;
				CLANG_WARN_CONSTANT_CONVERSION = YES;
				CLANG_WARN_DEPRECATED_OBJC_IMPLEMENTATIONS = YES;
				CLANG_WARN_DIRECT_OBJC_ISA_USAGE = YES_ERROR;
				CLANG_WARN_DOCUMENTATION_COMMENTS = YES;
				CLANG_WARN_EMPTY_BODY = YES;
				CLANG_WARN_ENUM_CONVERSION = YES;
				CLANG_WARN_INFINITE_RECURSION = YES;
				CLANG_WARN_INT_CONVERSION = YES;
				CLANG_WARN_NON_LITERAL_NULL_CONVERSION = YES;
				CLANG_WARN_OBJC_IMPLICIT_RETAIN_SELF = YES;
				CLANG_WARN_OBJC_LITERAL_CONVERSION = YES;
				CLANG_WARN_OBJC_ROOT_CLASS = YES_ERROR;
				CLANG_WARN_QUOTED_INCLUDE_IN_FRAMEWORK_HEADER = YES;
				CLANG_WARN_RANGE_LOOP_ANALYSIS = YES;
				CLANG_WARN_STRICT_PROTOTYPES = YES;
				CLANG_WARN_SUSPICIOUS_MOVE = YES;
				CLANG_WARN_UNGUARDED_AVAILABILITY = YES_AGGRESSIVE;
				CLANG_WARN_UNREACHABLE_CODE = YES;
				CLANG_WARN__DUPLICATE_METHOD_MATCH = YES;
				COPY_PHASE_STRIP = NO;
				DEBUG_INFORMATION_FORMAT = "dwarf-with-dsym";
				ENABLE_NS_ASSERTIONS = NO;
				ENABLE_STRICT_OBJC_MSGSEND = YES;
				ENABLE_USER_SCRIPT_SANDBOXING = YES;
				EXCLUDED_SOURCE_FILE_NAMES = "*.md";
				GCC_C_LANGUAGE_STANDARD = gnu17;
				GCC_NO_COMMON_BLOCKS = YES;
				GCC_WARN_64_TO_32_BIT_CONVERSION = YES;
				GCC_WARN_ABOUT_RETURN_TYPE = YES_ERROR;
				GCC_WARN_UNDECLARED_SELECTOR = YES;
				GCC_WARN_UNINITIALIZED_AUTOS = YES_AGGRESSIVE;
				GCC_WARN_UNUSED_FUNCTION = YES;
				GCC_WARN_UNUSED_VARIABLE = YES;
				LOCALIZATION_PREFERS_STRING_CATALOGS = YES;
				MTL_ENABLE_DEBUG_INFO = NO;
				MTL_FAST_MATH = YES;
				SUPPORTED_PLATFORMS = "iphonesimulator iphoneos";
				SWIFT_COMPILATION_MODE = wholemodule;
			};
			name = Release;
		};
		424C467A2F6E763E009D1DDA /* Debug */ = {
			isa = XCBuildConfiguration;
			buildSettings = {
				ASSETCATALOG_COMPILER_APPICON_NAME = tigerduck;
				ASSETCATALOG_COMPILER_GLOBAL_ACCENT_COLOR_NAME = AccentColor;
				ASSETCATALOG_COMPILER_INCLUDE_ALL_APPICON_ASSETS = NO;
				CODE_SIGN_ENTITLEMENTS = TigerDuck/TigerDuck.entitlements;
				"CODE_SIGN_IDENTITY[sdk=macosx*]" = "Apple Development";
				CODE_SIGN_STYLE = Automatic;
				CURRENT_PROJECT_VERSION = 1;
				DEVELOPMENT_TEAM = 43UV8F72V6;
				ENABLE_APP_SANDBOX = YES;
				ENABLE_PREVIEWS = YES;
				ENABLE_USER_SELECTED_FILES = readonly;
				EXCLUDED_SOURCE_FILE_NAMES = "";
				GENERATE_INFOPLIST_FILE = YES;
				INFOPLIST_KEY_ITSAppUsesNonExemptEncryption = NO;
				INFOPLIST_KEY_LSApplicationCategoryType = "public.app-category.education";
				INFOPLIST_KEY_NSSupportsLiveActivities = YES;
				INFOPLIST_KEY_SENTRY_DSN = "";
				"INFOPLIST_KEY_UIApplicationSceneManifest_Generation[sdk=iphoneos*]" = YES;
				"INFOPLIST_KEY_UIApplicationSceneManifest_Generation[sdk=iphonesimulator*]" = YES;
				"INFOPLIST_KEY_UIApplicationSupportsIndirectInputEvents[sdk=iphoneos*]" = YES;
				"INFOPLIST_KEY_UIApplicationSupportsIndirectInputEvents[sdk=iphonesimulator*]" = YES;
				"INFOPLIST_KEY_UILaunchScreen_Generation[sdk=iphoneos*]" = YES;
				"INFOPLIST_KEY_UILaunchScreen_Generation[sdk=iphonesimulator*]" = YES;
				"INFOPLIST_KEY_UIStatusBarStyle[sdk=iphoneos*]" = UIStatusBarStyleDefault;
				"INFOPLIST_KEY_UIStatusBarStyle[sdk=iphonesimulator*]" = UIStatusBarStyleDefault;
				INFOPLIST_KEY_UISupportedInterfaceOrientations = UIInterfaceOrientationPortrait;
				INFOPLIST_KEY_UISupportedInterfaceOrientations_iPad = "UIInterfaceOrientationLandscapeLeft UIInterfaceOrientationLandscapeRight UIInterfaceOrientationPortrait UIInterfaceOrientationPortraitUpsideDown";
				IPHONEOS_DEPLOYMENT_TARGET = 18.0;
				LD_RUNPATH_SEARCH_PATHS = "@executable_path/Frameworks";
				"LD_RUNPATH_SEARCH_PATHS[sdk=macosx*]" = "@executable_path/../Frameworks";
				MACOSX_DEPLOYMENT_TARGET = 26.2;
				MARKETING_VERSION = 1.6.1;
				PRODUCT_BUNDLE_IDENTIFIER = org.ntust.app.TigerDuck;
				PRODUCT_NAME = "$(TARGET_NAME)";
				REGISTER_APP_GROUPS = YES;
				SDKROOT = auto;
				STRING_CATALOG_GENERATE_SYMBOLS = YES;
				SUPPORTED_PLATFORMS = "iphoneos iphonesimulator";
				SUPPORTS_MACCATALYST = NO;
				SWIFT_APPROACHABLE_CONCURRENCY = YES;
				SWIFT_DEFAULT_ACTOR_ISOLATION = MainActor;
				SWIFT_EMIT_LOC_STRINGS = YES;
				SWIFT_UPCOMING_FEATURE_MEMBER_IMPORT_VISIBILITY = YES;
				SWIFT_VERSION = 5.0;
				TARGETED_DEVICE_FAMILY = "1,2";
				XROS_DEPLOYMENT_TARGET = 26.2;
			};
			name = Debug;
		};
		424C467B2F6E763E009D1DDA /* Release */ = {
			isa = XCBuildConfiguration;
			buildSettings = {
				ASSETCATALOG_COMPILER_APPICON_NAME = tigerduck;
				ASSETCATALOG_COMPILER_GLOBAL_ACCENT_COLOR_NAME = AccentColor;
				ASSETCATALOG_COMPILER_INCLUDE_ALL_APPICON_ASSETS = NO;
				CODE_SIGN_ENTITLEMENTS = TigerDuck/TigerDuck.entitlements;
				"CODE_SIGN_IDENTITY[sdk=macosx*]" = "Apple Development";
				CODE_SIGN_STYLE = Automatic;
				CURRENT_PROJECT_VERSION = 1;
				DEVELOPMENT_TEAM = 43UV8F72V6;
				ENABLE_APP_SANDBOX = YES;
				ENABLE_PREVIEWS = YES;
				ENABLE_USER_SELECTED_FILES = readonly;
				EXCLUDED_SOURCE_FILE_NAMES = "";
				GENERATE_INFOPLIST_FILE = YES;
				INFOPLIST_KEY_ITSAppUsesNonExemptEncryption = NO;
				INFOPLIST_KEY_LSApplicationCategoryType = "public.app-category.education";
				INFOPLIST_KEY_NSSupportsLiveActivities = YES;
				INFOPLIST_KEY_SENTRY_DSN = "";
				"INFOPLIST_KEY_UIApplicationSceneManifest_Generation[sdk=iphoneos*]" = YES;
				"INFOPLIST_KEY_UIApplicationSceneManifest_Generation[sdk=iphonesimulator*]" = YES;
				"INFOPLIST_KEY_UIApplicationSupportsIndirectInputEvents[sdk=iphoneos*]" = YES;
				"INFOPLIST_KEY_UIApplicationSupportsIndirectInputEvents[sdk=iphonesimulator*]" = YES;
				"INFOPLIST_KEY_UILaunchScreen_Generation[sdk=iphoneos*]" = YES;
				"INFOPLIST_KEY_UILaunchScreen_Generation[sdk=iphonesimulator*]" = YES;
				"INFOPLIST_KEY_UIStatusBarStyle[sdk=iphoneos*]" = UIStatusBarStyleDefault;
				"INFOPLIST_KEY_UIStatusBarStyle[sdk=iphonesimulator*]" = UIStatusBarStyleDefault;
				INFOPLIST_KEY_UISupportedInterfaceOrientations = UIInterfaceOrientationPortrait;
				INFOPLIST_KEY_UISupportedInterfaceOrientations_iPad = "UIInterfaceOrientationLandscapeLeft UIInterfaceOrientationLandscapeRight UIInterfaceOrientationPortrait UIInterfaceOrientationPortraitUpsideDown";
				IPHONEOS_DEPLOYMENT_TARGET = 18.0;
				LD_RUNPATH_SEARCH_PATHS = "@executable_path/Frameworks";
				"LD_RUNPATH_SEARCH_PATHS[sdk=macosx*]" = "@executable_path/../Frameworks";
				MACOSX_DEPLOYMENT_TARGET = 26.2;
				MARKETING_VERSION = 1.6.1;
				PRODUCT_BUNDLE_IDENTIFIER = org.ntust.app.TigerDuck;
				PRODUCT_NAME = "$(TARGET_NAME)";
				REGISTER_APP_GROUPS = YES;
				SDKROOT = auto;
				STRING_CATALOG_GENERATE_SYMBOLS = YES;
				SUPPORTED_PLATFORMS = "iphoneos iphonesimulator";
				SUPPORTS_MACCATALYST = NO;
				SWIFT_APPROACHABLE_CONCURRENCY = YES;
				SWIFT_DEFAULT_ACTOR_ISOLATION = MainActor;
				SWIFT_EMIT_LOC_STRINGS = YES;
				SWIFT_UPCOMING_FEATURE_MEMBER_IMPORT_VISIBILITY = YES;
				SWIFT_VERSION = 5.0;
				TARGETED_DEVICE_FAMILY = "1,2";
				XROS_DEPLOYMENT_TARGET = 26.2;
			};
			name = Release;
		};
		424C467D2F6E763E009D1DDA /* Debug */ = {
			isa = XCBuildConfiguration;
			buildSettings = {
				BUNDLE_LOADER = "$(TEST_HOST)";
				CODE_SIGN_STYLE = Automatic;
				CURRENT_PROJECT_VERSION = 1;
				DEVELOPMENT_TEAM = 43UV8F72V6;
				GENERATE_INFOPLIST_FILE = YES;
				IPHONEOS_DEPLOYMENT_TARGET = 18.0;
				MACOSX_DEPLOYMENT_TARGET = 26.2;
				MARKETING_VERSION = 1.0;
				PRODUCT_BUNDLE_IDENTIFIER = org.ntust.app.TigerDuckTests;
				PRODUCT_NAME = "$(TARGET_NAME)";
				SDKROOT = auto;
				STRING_CATALOG_GENERATE_SYMBOLS = NO;
				SUPPORTED_PLATFORMS = "iphoneos iphonesimulator";
				SUPPORTS_MACCATALYST = NO;
				SWIFT_APPROACHABLE_CONCURRENCY = YES;
				SWIFT_EMIT_LOC_STRINGS = NO;
				SWIFT_UPCOMING_FEATURE_MEMBER_IMPORT_VISIBILITY = YES;
				SWIFT_VERSION = 5.0;
				TARGETED_DEVICE_FAMILY = "1,2";
				TEST_HOST = "$(BUILT_PRODUCTS_DIR)/TigerDuck.app/$(BUNDLE_EXECUTABLE_FOLDER_PATH)/TigerDuck";
				XROS_DEPLOYMENT_TARGET = 26.2;
			};
			name = Debug;
		};
		424C467E2F6E763E009D1DDA /* Release */ = {
			isa = XCBuildConfiguration;
			buildSettings = {
				BUNDLE_LOADER = "$(TEST_HOST)";
				CODE_SIGN_STYLE = Automatic;
				CURRENT_PROJECT_VERSION = 1;
				DEVELOPMENT_TEAM = 43UV8F72V6;
				GENERATE_INFOPLIST_FILE = YES;
				IPHONEOS_DEPLOYMENT_TARGET = 18.0;
				MACOSX_DEPLOYMENT_TARGET = 26.2;
				MARKETING_VERSION = 1.0;
				PRODUCT_BUNDLE_IDENTIFIER = org.ntust.app.TigerDuckTests;
				PRODUCT_NAME = "$(TARGET_NAME)";
				SDKROOT = auto;
				STRING_CATALOG_GENERATE_SYMBOLS = NO;
				SUPPORTED_PLATFORMS = "iphoneos iphonesimulator";
				SUPPORTS_MACCATALYST = NO;
				SWIFT_APPROACHABLE_CONCURRENCY = YES;
				SWIFT_EMIT_LOC_STRINGS = NO;
				SWIFT_UPCOMING_FEATURE_MEMBER_IMPORT_VISIBILITY = YES;
				SWIFT_VERSION = 5.0;
				TARGETED_DEVICE_FAMILY = "1,2";
				TEST_HOST = "$(BUILT_PRODUCTS_DIR)/TigerDuck.app/$(BUNDLE_EXECUTABLE_FOLDER_PATH)/TigerDuck";
				XROS_DEPLOYMENT_TARGET = 26.2;
			};
			name = Release;
		};
		424C46802F6E763E009D1DDA /* Debug */ = {
			isa = XCBuildConfiguration;
			buildSettings = {
				CODE_SIGN_STYLE = Automatic;
				CURRENT_PROJECT_VERSION = 1;
				DEVELOPMENT_TEAM = 43UV8F72V6;
				GENERATE_INFOPLIST_FILE = YES;
				IPHONEOS_DEPLOYMENT_TARGET = 18.0;
				MACOSX_DEPLOYMENT_TARGET = 26.2;
				MARKETING_VERSION = 1.0;
				PRODUCT_BUNDLE_IDENTIFIER = org.ntust.app.TigerDuckUITests;
				PRODUCT_NAME = "$(TARGET_NAME)";
				SDKROOT = auto;
				STRING_CATALOG_GENERATE_SYMBOLS = NO;
				SUPPORTED_PLATFORMS = "iphoneos iphonesimulator";
				SUPPORTS_MACCATALYST = NO;
				SWIFT_APPROACHABLE_CONCURRENCY = YES;
				SWIFT_EMIT_LOC_STRINGS = NO;
				SWIFT_UPCOMING_FEATURE_MEMBER_IMPORT_VISIBILITY = YES;
				SWIFT_VERSION = 5.0;
				TARGETED_DEVICE_FAMILY = "1,2";
				TEST_TARGET_NAME = TigerDuck;
				XROS_DEPLOYMENT_TARGET = 26.2;
			};
			name = Debug;
		};
		424C46812F6E763E009D1DDA /* Release */ = {
			isa = XCBuildConfiguration;
			buildSettings = {
				CODE_SIGN_STYLE = Automatic;
				CURRENT_PROJECT_VERSION = 1;
				DEVELOPMENT_TEAM = 43UV8F72V6;
				GENERATE_INFOPLIST_FILE = YES;
				IPHONEOS_DEPLOYMENT_TARGET = 18.0;
				MACOSX_DEPLOYMENT_TARGET = 26.2;
				MARKETING_VERSION = 1.0;
				PRODUCT_BUNDLE_IDENTIFIER = org.ntust.app.TigerDuckUITests;
				PRODUCT_NAME = "$(TARGET_NAME)";
				SDKROOT = auto;
				STRING_CATALOG_GENERATE_SYMBOLS = NO;
				SUPPORTED_PLATFORMS = "iphoneos iphonesimulator";
				SUPPORTS_MACCATALYST = NO;
				SWIFT_APPROACHABLE_CONCURRENCY = YES;
				SWIFT_EMIT_LOC_STRINGS = NO;
				SWIFT_UPCOMING_FEATURE_MEMBER_IMPORT_VISIBILITY = YES;
				SWIFT_VERSION = 5.0;
				TARGETED_DEVICE_FAMILY = "1,2";
				TEST_TARGET_NAME = TigerDuck;
				XROS_DEPLOYMENT_TARGET = 26.2;
			};
			name = Release;
		};
		42B9BC172F90EBFB00D3B5A1 /* Debug */ = {
			isa = XCBuildConfiguration;
			buildSettings = {
				ASSETCATALOG_COMPILER_GLOBAL_ACCENT_COLOR_NAME = AccentColor;
				ASSETCATALOG_COMPILER_WIDGET_BACKGROUND_COLOR_NAME = WidgetBackground;
				CODE_SIGN_ENTITLEMENTS = TigerDuckLiveActivityExtension.entitlements;
				CODE_SIGN_STYLE = Automatic;
				CURRENT_PROJECT_VERSION = 1;
				DEVELOPMENT_TEAM = 43UV8F72V6;
				EXCLUDED_SOURCE_FILE_NAMES = "";
				GENERATE_INFOPLIST_FILE = YES;
				INFOPLIST_FILE = TigerDuckLiveActivity/Info.plist;
				INFOPLIST_KEY_CFBundleDisplayName = TigerDuckLiveActivity;
				INFOPLIST_KEY_NSHumanReadableCopyright = "";
				IPHONEOS_DEPLOYMENT_TARGET = 18.0;
				LD_RUNPATH_SEARCH_PATHS = (
					"$(inherited)",
					"@executable_path/Frameworks",
					"@executable_path/../../Frameworks",
				);
				MARKETING_VERSION = 1.6.1;
				PRODUCT_BUNDLE_IDENTIFIER = org.ntust.app.TigerDuck.TigerDuckLiveActivity;
				PRODUCT_NAME = "$(TARGET_NAME)";
				SDKROOT = iphoneos;
				SKIP_INSTALL = YES;
				STRING_CATALOG_GENERATE_SYMBOLS = YES;
				SWIFT_APPROACHABLE_CONCURRENCY = YES;
				SWIFT_EMIT_LOC_STRINGS = YES;
				SWIFT_UPCOMING_FEATURE_MEMBER_IMPORT_VISIBILITY = YES;
				SWIFT_VERSION = 5.0;
				TARGETED_DEVICE_FAMILY = "1,2";
			};
			name = Debug;
		};
		42B9BC182F90EBFB00D3B5A1 /* Release */ = {
			isa = XCBuildConfiguration;
			buildSettings = {
				ASSETCATALOG_COMPILER_GLOBAL_ACCENT_COLOR_NAME = AccentColor;
				ASSETCATALOG_COMPILER_WIDGET_BACKGROUND_COLOR_NAME = WidgetBackground;
				CODE_SIGN_ENTITLEMENTS = TigerDuckLiveActivityExtension.entitlements;
				CODE_SIGN_STYLE = Automatic;
				CURRENT_PROJECT_VERSION = 1;
				DEVELOPMENT_TEAM = 43UV8F72V6;
				EXCLUDED_SOURCE_FILE_NAMES = "";
				GENERATE_INFOPLIST_FILE = YES;
				INFOPLIST_FILE = TigerDuckLiveActivity/Info.plist;
				INFOPLIST_KEY_CFBundleDisplayName = TigerDuckLiveActivity;
				INFOPLIST_KEY_NSHumanReadableCopyright = "";
				IPHONEOS_DEPLOYMENT_TARGET = 18.0;
				LD_RUNPATH_SEARCH_PATHS = (
					"$(inherited)",
					"@executable_path/Frameworks",
					"@executable_path/../../Frameworks",
				);
				MARKETING_VERSION = 1.6.1;
				PRODUCT_BUNDLE_IDENTIFIER = org.ntust.app.TigerDuck.TigerDuckLiveActivity;
				PRODUCT_NAME = "$(TARGET_NAME)";
				SDKROOT = iphoneos;
				SKIP_INSTALL = YES;
				STRING_CATALOG_GENERATE_SYMBOLS = YES;
				SWIFT_APPROACHABLE_CONCURRENCY = YES;
				SWIFT_EMIT_LOC_STRINGS = YES;
				SWIFT_UPCOMING_FEATURE_MEMBER_IMPORT_VISIBILITY = YES;
				SWIFT_VERSION = 5.0;
				TARGETED_DEVICE_FAMILY = "1,2";
				VALIDATE_PRODUCT = YES;
			};
			name = Release;
		};
/* End XCBuildConfiguration section */

/* Begin XCConfigurationList section */
		424C46512F6E763C009D1DDA /* Build configuration list for PBXProject "TigerDuck" */ = {
			isa = XCConfigurationList;
			buildConfigurations = (
				424C46772F6E763E009D1DDA /* Debug */,
				424C46782F6E763E009D1DDA /* Release */,
			);
			defaultConfigurationIsVisible = 0;
			defaultConfigurationName = Release;
		};
		424C46792F6E763E009D1DDA /* Build configuration list for PBXNativeTarget "TigerDuck" */ = {
			isa = XCConfigurationList;
			buildConfigurations = (
				424C467A2F6E763E009D1DDA /* Debug */,
				424C467B2F6E763E009D1DDA /* Release */,
			);
			defaultConfigurationIsVisible = 0;
			defaultConfigurationName = Release;
		};
		424C467C2F6E763E009D1DDA /* Build configuration list for PBXNativeTarget "TigerDuckTests" */ = {
			isa = XCConfigurationList;
			buildConfigurations = (
				424C467D2F6E763E009D1DDA /* Debug */,
				424C467E2F6E763E009D1DDA /* Release */,
			);
			defaultConfigurationIsVisible = 0;
			defaultConfigurationName = Release;
		};
		424C467F2F6E763E009D1DDA /* Build configuration list for PBXNativeTarget "TigerDuckUITests" */ = {
			isa = XCConfigurationList;
			buildConfigurations = (
				424C46802F6E763E009D1DDA /* Debug */,
				424C46812F6E763E009D1DDA /* Release */,
			);
			defaultConfigurationIsVisible = 0;
			defaultConfigurationName = Release;
		};
		42B9BC162F90EBFB00D3B5A1 /* Build configuration list for PBXNativeTarget "TigerDuckLiveActivityExtension" */ = {
			isa = XCConfigurationList;
			buildConfigurations = (
				42B9BC172F90EBFB00D3B5A1 /* Debug */,
				42B9BC182F90EBFB00D3B5A1 /* Release */,
			);
			defaultConfigurationIsVisible = 0;
			defaultConfigurationName = Release;
		};
/* End XCConfigurationList section */

/* Begin XCRemoteSwiftPackageReference section */
		60A0A10130AA000100000001 /* XCRemoteSwiftPackageReference "Valet" */ = {
			isa = XCRemoteSwiftPackageReference;
			repositoryURL = "https://github.com/square/Valet";
			requirement = {
				kind = upToNextMajorVersion;
				minimumVersion = 5.1.0;
			};
		};
		60A0A10230AA000100000001 /* XCRemoteSwiftPackageReference "SwiftSoup" */ = {
			isa = XCRemoteSwiftPackageReference;
			repositoryURL = "https://github.com/scinfu/SwiftSoup";
			requirement = {
				kind = upToNextMajorVersion;
				minimumVersion = 2.13.4;
			};
		};
		60A0A10330AA000100000001 /* XCRemoteSwiftPackageReference "sentry-cocoa" */ = {
			isa = XCRemoteSwiftPackageReference;
			repositoryURL = "https://github.com/getsentry/sentry-cocoa";
			requirement = {
				kind = upToNextMajorVersion;
				minimumVersion = 8.58.1;
			};
		};
		60A0A10430AA000100000001 /* XCRemoteSwiftPackageReference "Defaults" */ = {
			isa = XCRemoteSwiftPackageReference;
			repositoryURL = "https://github.com/sindresorhus/Defaults";
			requirement = {
				kind = upToNextMajorVersion;
				minimumVersion = 9.0.8;
			};
		};
		60A0A10530AA000100000001 /* XCRemoteSwiftPackageReference "swift-markdown-ui" */ = {
			isa = XCRemoteSwiftPackageReference;
			repositoryURL = "https://github.com/gonzalezreal/swift-markdown-ui";
			requirement = {
				kind = upToNextMajorVersion;
				minimumVersion = 2.4.0;
			};
		};
/* End XCRemoteSwiftPackageReference section */

/* Begin XCSwiftPackageProductDependency section */
		60A0A20130AA000100000001 /* Valet */ = {
			isa = XCSwiftPackageProductDependency;
			package = 60A0A10130AA000100000001 /* XCRemoteSwiftPackageReference "Valet" */;
			productName = Valet;
		};
		60A0A20230AA000100000001 /* SwiftSoup */ = {
			isa = XCSwiftPackageProductDependency;
			package = 60A0A10230AA000100000001 /* XCRemoteSwiftPackageReference "SwiftSoup" */;
			productName = SwiftSoup;
		};
		60A0A20330AA000100000001 /* Sentry */ = {
			isa = XCSwiftPackageProductDependency;
			package = 60A0A10330AA000100000001 /* XCRemoteSwiftPackageReference "sentry-cocoa" */;
			productName = Sentry;
		};
		60A0A20430AA000100000001 /* Defaults */ = {
			isa = XCSwiftPackageProductDependency;
			package = 60A0A10430AA000100000001 /* XCRemoteSwiftPackageReference "Defaults" */;
			productName = Defaults;
		};
		60A0A20530AA000100000001 /* MarkdownUI */ = {
			isa = XCSwiftPackageProductDependency;
			package = 60A0A10530AA000100000001 /* XCRemoteSwiftPackageReference "swift-markdown-ui" */;
			productName = MarkdownUI;
		};
/* End XCSwiftPackageProductDependency section */
	};
	rootObject = 424C464E2F6E763C009D1DDA /* Project object */;
}
